
Microsoft Visual Studio Solution File, Format Version 12.00
# Visual Studio Version 17
VisualStudioVersion = 17.2.32630.192
MinimumVisualStudioVersion = 10.0.40219.1
Project("{FAE04EC0-301F-11D3-BF4B-00C04F79EFBC}") = "EF-.net-hometask3", "EF-.net-hometask3\EF-.net-hometask3.csproj", "{9BFE133B-FC8D-4347-B423-125984DE415C}"
EndProject
Global
	GlobalSection(SolutionConfigurationPlatforms) = preSolution
		Debug|Any CPU = Debug|Any CPU
		Release|Any CPU = Release|Any CPU
	EndGlobalSection
	GlobalSection(ProjectConfigurationPlatforms) = postSolution
		{9BFE133B-FC8D-4347-B423-125984DE415C}.Debug|Any CPU.ActiveCfg = Debug|Any CPU
		{9BFE133B-FC8D-4347-B423-125984DE415C}.Debug|Any CPU.Build.0 = Debug|Any CPU
		{9BFE133B-FC8D-4347-B423-125984DE415C}.Release|Any CPU.ActiveCfg = Release|Any CPU
		{9BFE133B-FC8D-4347-B423-125984DE415C}.Release|Any CPU.Build.0 = Release|Any CPU
	EndGlobalSection
	GlobalSection(SolutionProperties) = preSolution
		HideSolutionNode = FALSE
	EndGlobalSection
	GlobalSection(ExtensibilityGlobals) = postSolution
		SolutionGuid = {29BB9F1D-0F1B-4FBE-95CE-BB25B0DB260D}
	EndGlobalSection
EndGlobal
